
Microsoft Visual Studio Solution File, Format Version 12.00
# Visual Studio Version 16
VisualStudioVersion = 16.0.31112.23
MinimumVisualStudioVersion = 10.0.40219.1
Project("{FAE04EC0-301F-11D3-BF4B-00C04F79EFBC}") = "IS_Predidiction_and_store_optimize", "IS_Predidiction_and_store_optimize.csproj", "{E53A3925-7985-4B4B-97B9-8DE737FEAD4A}"
EndProject
Global
	GlobalSection(SolutionConfigurationPlatforms) = preSolution
		Debug|Any CPU = Debug|Any CPU
		Release|Any CPU = Release|Any CPU
	EndGlobalSection
	GlobalSection(ProjectConfigurationPlatforms) = postSolution
		{E53A3925-7985-4B4B-97B9-8DE737FEAD4A}.Debug|Any CPU.ActiveCfg = Debug|Any CPU
		{E53A3925-7985-4B4B-97B9-8DE737FEAD4A}.Debug|Any CPU.Build.0 = Debug|Any CPU
		{E53A3925-7985-4B4B-97B9-8DE737FEAD4A}.Release|Any CPU.ActiveCfg = Release|Any CPU
		{E53A3925-7985-4B4B-97B9-8DE737FEAD4A}.Release|Any CPU.Build.0 = Release|Any CPU
	EndGlobalSection
	GlobalSection(SolutionProperties) = preSolution
		HideSolutionNode = FALSE
	EndGlobalSection
	GlobalSection(ExtensibilityGlobals) = postSolution
		SolutionGuid = {48718ED7-38A1-4FBC-A15A-C48D3479C702}
	EndGlobalSection
EndGlobal
